// !$*UTF8*$!
{
	archiveVersion = 1;
	classes = {
	};
	objectVersion = 46;
	objects = {

/* Begin PBXBuildFile section */
		4F3F5E7016D454AF0061E93D /* calculatorEngine.m in Sources */ = {isa = PBXBuildFile; fileRef = 4F3F5E6F16D454AF0061E93D /* calculatorEngine.m */; };
		4FAD023016D8840E0067ACAF /* calc.png in Resources */ = {isa = PBXBuildFile; fileRef = 4FAD022F16D8840E0067ACAF /* calc.png */; };
		4FAD023216D884580067ACAF /* calcr.png in Resources */ = {isa = PBXBuildFile; fileRef = 4FAD023116D884580067ACAF /* calcr.png */; };
		4FAD023816D885D20067ACAF /* icon.png in Resources */ = {isa = PBXBuildFile; fileRef = 4FAD023716D885D20067ACAF /* icon.png */; };
		4FAD023A16D885D60067ACAF /* icon@2x.png in Resources */ = {isa = PBXBuildFile; fileRef = 4FAD023916D885D60067ACAF /* icon@2x.png */; };
		4FFC25B716D42370006699F2 /* UIKit.framework in Frameworks */ = {isa = PBXBuildFile; fileRef = 4FFC25B616D42370006699F2 /* UIKit.framework */; };
		4FFC25B916D42370006699F2 /* Foundation.framework in Frameworks */ = {isa = PBXBuildFile; fileRef = 4FFC25B816D42370006699F2 /* Foundation.framework */; };
		4FFC25BB16D42370006699F2 /* CoreGraphics.framework in Frameworks */ = {isa = PBXBuildFile; fileRef = 4FFC25BA16D42370006699F2 /* CoreGraphics.framework */; };
		4FFC25C116D42370006699F2 /* InfoPlist.strings in Resources */ = {isa = PBXBuildFile; fileRef = 4FFC25BF16D42370006699F2 /* InfoPlist.strings */; };
		4FFC25C316D42370006699F2 /* main.m in Sources */ = {isa = PBXBuildFile; fileRef = 4FFC25C216D42370006699F2 /* main.m */; };
		4FFC25C716D42370006699F2 /* Lab1AppDelegate.m in Sources */ = {isa = PBXBuildFile; fileRef = 4FFC25C616D42370006699F2 /* Lab1AppDelegate.m */; };
		4FFC25C916D42370006699F2 /* Default.png in Resources */ = {isa = PBXBuildFile; fileRef = 4FFC25C816D42370006699F2 /* Default.png */; };
		4FFC25CB16D42370006699F2 /* Default@2x.png in Resources */ = {isa = PBXBuildFile; fileRef = 4FFC25CA16D42370006699F2 /* Default@2x.png */; };
		4FFC25CD16D42370006699F2 /* Default-568h@2x.png in Resources */ = {isa = PBXBuildFile; fileRef = 4FFC25CC16D42370006699F2 /* Default-568h@2x.png */; };
		4FFC25D016D42370006699F2 /* MainStoryboard.storyboard in Resources */ = {isa = PBXBuildFile; fileRef = 4FFC25CE16D42370006699F2 /* MainStoryboard.storyboard */; };
		4FFC25D316D42370006699F2 /* Lab1ViewController.m in Sources */ = {isa = PBXBuildFile; fileRef = 4FFC25D216D42370006699F2 /* Lab1ViewController.m */; };
/* End PBXBuildFile section */

/* Begin PBXFileReference section */
		4F3F5E6E16D454AF0061E93D /* calculatorEngine.h */ = {isa = PBXFileReference; fileEncoding = 4; lastKnownFileType = sourcecode.c.h; name = calculatorEngine.h; path = Models/calculatorEngine.h; sourceTree = "<group>"; };
		4F3F5E6F16D454AF0061E93D /* calculatorEngine.m */ = {isa = PBXFileReference; fileEncoding = 4; lastKnownFileType = sourcecode.c.objc; name = calculatorEngine.m; path = Models/calculatorEngine.m; sourceTree = "<group>"; };
		4FAD022F16D8840E0067ACAF /* calc.png */ = {isa = PBXFileReference; lastKnownFileType = image.png; path = calc.png; sourceTree = "<group>"; };
		4FAD023116D884580067ACAF /* calcr.png */ = {isa = PBXFileReference; lastKnownFileType = image.png; path = calcr.png; sourceTree = "<group>"; };
		4FAD023316D885080067ACAF /* icon.png */ = {isa = PBXFileReference; lastKnownFileType = image.png; path = icon.png; sourceTree = "<group>"; };
		4FAD023516D8850C0067ACAF /* icon@2x.png */ = {isa = PBXFileReference; lastKnownFileType = image.png; path = "icon@2x.png"; sourceTree = "<group>"; };
		4FAD023716D885D20067ACAF /* icon.png */ = {isa = PBXFileReference; lastKnownFileType = image.png; path = icon.png; sourceTree = "<group>"; };
		4FAD023916D885D60067ACAF /* icon@2x.png */ = {isa = PBXFileReference; lastKnownFileType = image.png; path = "icon@2x.png"; sourceTree = "<group>"; };
		4FFC25B316D42370006699F2 /* Lab1v2 Calculator.app */ = {isa = PBXFileReference; explicitFileType = wrapper.application; includeInIndex = 0; path = "Lab1v2 Calculator.app"; sourceTree = BUILT_PRODUCTS_DIR; };
		4FFC25B616D42370006699F2 /* UIKit.framework */ = {isa = PBXFileReference; lastKnownFileType = wrapper.framework; name = UIKit.framework; path = System/Library/Frameworks/UIKit.framework; sourceTree = SDKROOT; };
		4FFC25B816D42370006699F2 /* Foundation.framework */ = {isa = PBXFileReference; lastKnownFileType = wrapper.framework; name = Foundation.framework; path = System/Library/Frameworks/Foundation.framework; sourceTree = SDKROOT; };
		4FFC25BA16D42370006699F2 /* CoreGraphics.framework */ = {isa = PBXFileReference; lastKnownFileType = wrapper.framework; name = CoreGraphics.framework; path = System/Library/Frameworks/CoreGraphics.framework; sourceTree = SDKROOT; };
		4FFC25BE16D42370006699F2 /* Lab1v2 Calculator-Info.plist */ = {isa = PBXFileReference; lastKnownFileType = text.plist.xml; path = "Lab1v2 Calculator-Info.plist"; sourceTree = "<group>"; };
		4FFC25C016D42370006699F2 /* en */ = {isa = PBXFileReference; lastKnownFileType = text.plist.strings; name = en; path = en.lproj/InfoPlist.strings; sourceTree = "<group>"; };
		4FFC25C216D42370006699F2 /* main.m */ = {isa = PBXFileReference; lastKnownFileType = sourcecode.c.objc; path = main.m; sourceTree = "<group>"; };
		4FFC25C416D42370006699F2 /* Lab1v2 Calculator-Prefix.pch */ = {isa = PBXFileReference; lastKnownFileType = sourcecode.c.h; path = "Lab1v2 Calculator-Prefix.pch"; sourceTree = "<group>"; };
		4FFC25C516D42370006699F2 /* Lab1AppDelegate.h */ = {isa = PBXFileReference; lastKnownFileType = sourcecode.c.h; path = Lab1AppDelegate.h; sourceTree = "<group>"; };
		4FFC25C616D42370006699F2 /* Lab1AppDelegate.m */ = {isa = PBXFileReference; lastKnownFileType = sourcecode.c.objc; path = Lab1AppDelegate.m; sourceTree = "<group>"; };
		4FFC25C816D42370006699F2 /* Default.png */ = {isa = PBXFileReference; lastKnownFileType = image.png; path = Default.png; sourceTree = "<group>"; };
		4FFC25CA16D42370006699F2 /* Default@2x.png */ = {isa = PBXFileReference; lastKnownFileType = image.png; path = "Default@2x.png"; sourceTree = "<group>"; };
		4FFC25CC16D42370006699F2 /* Default-568h@2x.png */ = {isa = PBXFileReference; lastKnownFileType = image.png; path = "Default-568h@2x.png"; sourceTree = "<group>"; };
		4FFC25CF16D42370006699F2 /* en */ = {isa = PBXFileReference; lastKnownFileType = file.storyboard; name = en; path = en.lproj/MainStoryboard.storyboard; sourceTree = "<group>"; };
		4FFC25D116D42370006699F2 /* Lab1ViewController.h */ = {isa = PBXFileReference; lastKnownFileType = sourcecode.c.h; path = Lab1ViewController.h; sourceTree = "<group>"; };
		4FFC25D216D42370006699F2 /* Lab1ViewController.m */ = {isa = PBXFileReference; lastKnownFileType = sourcecode.c.objc; path = Lab1ViewController.m; sourceTree = "<group>"; };
/* End PBXFileReference section */

/* Begin PBXFrameworksBuildPhase section */
		4FFC25B016D42370006699F2 /* Frameworks */ = {
			isa = PBXFrameworksBuildPhase;
			buildActionMask = 2147483647;
			files = (
				4FFC25B716D42370006699F2 /* UIKit.framework in Frameworks */,
				4FFC25B916D42370006699F2 /* Foundation.framework in Frameworks */,
				4FFC25BB16D42370006699F2 /* CoreGraphics.framework in Frameworks */,
			);
			runOnlyForDeploymentPostprocessing = 0;
		};
/* End PBXFrameworksBuildPhase section */

/* Begin PBXGroup section */
		4FFC25AA16D42370006699F2 = {
			isa = PBXGroup;
			children = (
				4FAD023916D885D60067ACAF /* icon@2x.png */,
				4FAD023716D885D20067ACAF /* icon.png */,
				4FAD023516D8850C0067ACAF /* icon@2x.png */,
				4FAD023316D885080067ACAF /* icon.png */,
				4FAD023116D884580067ACAF /* calcr.png */,
				4FAD022F16D8840E0067ACAF /* calc.png */,
				4FFC25BC16D42370006699F2 /* Lab1v2 Calculator */,
				4FFC25B516D42370006699F2 /* Frameworks */,
				4FFC25B416D42370006699F2 /* Products */,
			);
			sourceTree = "<group>";
		};
		4FFC25B416D42370006699F2 /* Products */ = {
			isa = PBXGroup;
			children = (
				4FFC25B316D42370006699F2 /* Lab1v2 Calculator.app */,
			);
			name = Products;
			sourceTree = "<group>";
		};
		4FFC25B516D42370006699F2 /* Frameworks */ = {
			isa = PBXGroup;
			children = (
				4FFC25B616D42370006699F2 /* UIKit.framework */,
				4FFC25B816D42370006699F2 /* Foundation.framework */,
				4FFC25BA16D42370006699F2 /* CoreGraphics.framework */,
			);
			name = Frameworks;
			sourceTree = "<group>";
		};
		4FFC25BC16D42370006699F2 /* Lab1v2 Calculator */ = {
			isa = PBXGroup;
			children = (
				4FFC25C516D42370006699F2 /* Lab1AppDelegate.h */,
				4FFC25C616D42370006699F2 /* Lab1AppDelegate.m */,
				4FFC25CE16D42370006699F2 /* MainStoryboard.storyboard */,
				4F3F5E6E16D454AF0061E93D /* calculatorEngine.h */,
				4F3F5E6F16D454AF0061E93D /* calculatorEngine.m */,
				4FFC25D116D42370006699F2 /* Lab1ViewController.h */,
				4FFC25D216D42370006699F2 /* Lab1ViewController.m */,
				4FFC25BD16D42370006699F2 /* Supporting Files */,
			);
			path = "Lab1v2 Calculator";
			sourceTree = "<group>";
		};
		4FFC25BD16D42370006699F2 /* Supporting Files */ = {
			isa = PBXGroup;
			children = (
				4FFC25BE16D42370006699F2 /* Lab1v2 Calculator-Info.plist */,
				4FFC25BF16D42370006699F2 /* InfoPlist.strings */,
				4FFC25C216D42370006699F2 /* main.m */,
				4FFC25C416D42370006699F2 /* Lab1v2 Calculator-Prefix.pch */,
				4FFC25C816D42370006699F2 /* Default.png */,
				4FFC25CA16D42370006699F2 /* Default@2x.png */,
				4FFC25CC16D42370006699F2 /* Default-568h@2x.png */,
			);
			name = "Supporting Files";
			sourceTree = "<group>";
		};
/* End PBXGroup section */

/* Begin PBXNativeTarget section */
		4FFC25B216D42370006699F2 /* Lab1v2 Calculator */ = {
			isa = PBXNativeTarget;
			buildConfigurationList = 4FFC25D616D42370006699F2 /* Build configuration list for PBXNativeTarget "Lab1v2 Calculator" */;
			buildPhases = (
				4FFC25AF16D42370006699F2 /* Sources */,
				4FFC25B016D42370006699F2 /* Frameworks */,
				4FFC25B116D42370006699F2 /* Resources */,
			);
			buildRules = (
			);
			dependencies = (
			);
			name = "Lab1v2 Calculator";
			productName = "Lab1v2 Calculator";
			productReference = 4FFC25B316D42370006699F2 /* Lab1v2 Calculator.app */;
			productType = "com.apple.product-type.application";
		};
/* End PBXNativeTarget section */

/* Begin PBXProject section */
		4FFC25AB16D42370006699F2 /* Project object */ = {
			isa = PBXProject;
			attributes = {
				CLASSPREFIX = Lab1;
				LastUpgradeCheck = 0460;
				ORGANIZATIONNAME = "Teddy Stephenson";
			};
			buildConfigurationList = 4FFC25AE16D42370006699F2 /* Build configuration list for PBXProject "Lab1v2 Calculator" */;
			compatibilityVersion = "Xcode 3.2";
			developmentRegion = English;
			hasScannedForEncodings = 0;
			knownRegions = (
				en,
			);
			mainGroup = 4FFC25AA16D42370006699F2;
			productRefGroup = 4FFC25B416D42370006699F2 /* Products */;
			projectDirPath = "";
			projectRoot = "";
			targets = (
				4FFC25B216D42370006699F2 /* Lab1v2 Calculator */,
			);
		};
/* End PBXProject section */

/* Begin PBXResourcesBuildPhase section */
		4FFC25B116D42370006699F2 /* Resources */ = {
			isa = PBXResourcesBuildPhase;
			buildActionMask = 2147483647;
			files = (
				4FFC25C116D42370006699F2 /* InfoPlist.strings in Resources */,
				4FFC25C916D42370006699F2 /* Default.png in Resources */,
				4FFC25CB16D42370006699F2 /* Default@2x.png in Resources */,
				4FFC25CD16D42370006699F2 /* Default-568h@2x.png in Resources */,
				4FFC25D016D42370006699F2 /* MainStoryboard.storyboard in Resources */,
				4FAD023016D8840E0067ACAF /* calc.png in Resources */,
				4FAD023216D884580067ACAF /* calcr.png in Resources */,
				4FAD023816D885D20067ACAF /* icon.png in Resources */,
				4FAD023A16D885D60067ACAF /* icon@2x.png in Resources */,
			);
			runOnlyForDeploymentPostprocessing = 0;
		};
/* End PBXResourcesBuildPhase section */

/* Begin PBXSourcesBuildPhase section */
		4FFC25AF16D42370006699F2 /* Sources */ = {
			isa = PBXSourcesBuildPhase;
			buildActionMask = 2147483647;
			files = (
				4FFC25C316D42370006699F2 /* main.m in Sources */,
				4FFC25C716D42370006699F2 /* Lab1AppDelegate.m in Sources */,
				4FFC25D316D42370006699F2 /* Lab1ViewController.m in Sources */,
				4F3F5E7016D454AF0061E93D /* calculatorEngine.m in Sources */,
			);
			runOnlyForDeploymentPostprocessing = 0;
		};
/* End PBXSourcesBuildPhase section */

/* Begin PBXVariantGroup section */
		4FFC25BF16D42370006699F2 /* InfoPlist.strings */ = {
			isa = PBXVariantGroup;
			children = (
				4FFC25C016D42370006699F2 /* en */,
			);
			name = InfoPlist.strings;
			sourceTree = "<group>";
		};
		4FFC25CE16D42370006699F2 /* MainStoryboard.storyboard */ = {
			isa = PBXVariantGroup;
			children = (
				4FFC25CF16D42370006699F2 /* en */,
			);
			name = MainStoryboard.storyboard;
			sourceTree = "<group>";
		};
/* End PBXVariantGroup section */

/* Begin XCBuildConfiguration section */
		4FFC25D416D42370006699F2 /* Debug */ = {
			isa = XCBuildConfiguration;
			buildSettings = {
				ALWAYS_SEARCH_USER_PATHS = NO;
				CLANG_CXX_LANGUAGE_STANDARD = "gnu++0x";
				CLANG_CXX_LIBRARY = "libc++";
				CLANG_ENABLE_OBJC_ARC = YES;
				CLANG_WARN_CONSTANT_CONVERSION = YES;
				CLANG_WARN_EMPTY_BODY = YES;
				CLANG_WARN_ENUM_CONVERSION = YES;
				CLANG_WARN_INT_CONVERSION = YES;
				CLANG_WARN__DUPLICATE_METHOD_MATCH = YES;
				"CODE_SIGN_IDENTITY[sdk=iphoneos*]" = "iPhone Developer";
				COPY_PHASE_STRIP = NO;
				GCC_C_LANGUAGE_STANDARD = gnu99;
				GCC_DYNAMIC_NO_PIC = NO;
				GCC_OPTIMIZATION_LEVEL = 0;
				GCC_PREPROCESSOR_DEFINITIONS = (
					"DEBUG=1",
					"$(inherited)",
				);
				GCC_SYMBOLS_PRIVATE_EXTERN = NO;
				GCC_WARN_ABOUT_RETURN_TYPE = YES;
				GCC_WARN_UNINITIALIZED_AUTOS = YES;
				GCC_WARN_UNUSED_VARIABLE = YES;
				IPHONEOS_DEPLOYMENT_TARGET = 6.1;
				ONLY_ACTIVE_ARCH = YES;
				SDKROOT = iphoneos;
			};
			name = Debug;
		};
		4FFC25D516D42370006699F2 /* Release */ = {
			isa = XCBuildConfiguration;
			buildSettings = {
				ALWAYS_SEARCH_USER_PATHS = NO;
				CLANG_CXX_LANGUAGE_STANDARD = "gnu++0x";
				CLANG_CXX_LIBRARY = "libc++";
				CLANG_ENABLE_OBJC_ARC = YES;
				CLANG_WARN_CONSTANT_CONVERSION = YES;
				CLANG_WARN_EMPTY_BODY = YES;
				CLANG_WARN_ENUM_CONVERSION = YES;
				CLANG_WARN_INT_CONVERSION = YES;
				CLANG_WARN__DUPLICATE_METHOD_MATCH = YES;
				"CODE_SIGN_IDENTITY[sdk=iphoneos*]" = "iPhone Developer";
				COPY_PHASE_STRIP = YES;
				GCC_C_LANGUAGE_STANDARD = gnu99;
				GCC_WARN_ABOUT_RETURN_TYPE = YES;
				GCC_WARN_UNINITIALIZED_AUTOS = YES;
				GCC_WARN_UNUSED_VARIABLE = YES;
				IPHONEOS_DEPLOYMENT_TARGET = 6.1;
				OTHER_CFLAGS = "-DNS_BLOCK_ASSERTIONS=1";
				SDKROOT = iphoneos;
				VALIDATE_PRODUCT = YES;
			};
			name = Release;
		};
		4FFC25D716D42370006699F2 /* Debug */ = {
			isa = XCBuildConfiguration;
			buildSettings = {
				GCC_PRECOMPILE_PREFIX_HEADER = YES;
				GCC_PREFIX_HEADER = "Lab1v2 Calculator/Lab1v2 Calculator-Prefix.pch";
				INFOPLIST_FILE = "Lab1v2 Calculator/Lab1v2 Calculator-Info.plist";
				PRODUCT_NAME = "$(TARGET_NAME)";
				TARGETED_DEVICE_FAMILY = 1;
				WRAPPER_EXTENSION = app;
			};
			name = Debug;
		};
		4FFC25D816D42370006699F2 /* Release */ = {
			isa = XCBuildConfiguration;
			buildSettings = {
				GCC_PRECOMPILE_PREFIX_HEADER = YES;
				GCC_PREFIX_HEADER = "Lab1v2 Calculator/Lab1v2 Calculator-Prefix.pch";
				INFOPLIST_FILE = "Lab1v2 Calculator/Lab1v2 Calculator-Info.plist";
				PRODUCT_NAME = "$(TARGET_NAME)";
				TARGETED_DEVICE_FAMILY = 1;
				WRAPPER_EXTENSION = app;
			};
			name = Release;
		};
/* End XCBuildConfiguration section */

/* Begin XCConfigurationList section */
		4FFC25AE16D42370006699F2 /* Build configuration list for PBXProject "Lab1v2 Calculator" */ = {
			isa = XCConfigurationList;
			buildConfigurations = (
				4FFC25D416D42370006699F2 /* Debug */,
				4FFC25D516D42370006699F2 /* Release */,
			);
			defaultConfigurationIsVisible = 0;
			defaultConfigurationName = Release;
		};
		4FFC25D616D42370006699F2 /* Build configuration list for PBXNativeTarget "Lab1v2 Calculator" */ = {
			isa = XCConfigurationList;
			buildConfigurations = (
				4FFC25D716D42370006699F2 /* Debug */,
				4FFC25D816D42370006699F2 /* Release */,
			);
			defaultConfigurationIsVisible = 0;
			defaultConfigurationName = Release;
		};
/* End XCConfigurationList section */
	};
	rootObject = 4FFC25AB16D42370006699F2 /* Project object */;
}
